
Microsoft Visual Studio Solution File, Format Version 12.00
# Visual Studio Version 16
VisualStudioVersion = 16.0.28803.156
MinimumVisualStudioVersion = 10.0.40219.1
Project("{FAE04EC0-301F-11D3-BF4B-00C04F79EFBC}") = "IoCTutorial", "IoCTutorial\IoCTutorial.csproj", "{949E59A2-40B0-4527-933E-DADB07EA1B1F}"
EndProject
Global
	GlobalSection(SolutionConfigurationPlatforms) = preSolution
		Debug|Any CPU = Debug|Any CPU
		Release|Any CPU = Release|Any CPU
	EndGlobalSection
	GlobalSection(ProjectConfigurationPlatforms) = postSolution
		{949E59A2-40B0-4527-933E-DADB07EA1B1F}.Debug|Any CPU.ActiveCfg = Debug|Any CPU
		{949E59A2-40B0-4527-933E-DADB07EA1B1F}.Debug|Any CPU.Build.0 = Debug|Any CPU
		{949E59A2-40B0-4527-933E-DADB07EA1B1F}.Release|Any CPU.ActiveCfg = Release|Any CPU
		{949E59A2-40B0-4527-933E-DADB07EA1B1F}.Release|Any CPU.Build.0 = Release|Any CPU
	EndGlobalSection
	GlobalSection(SolutionProperties) = preSolution
		HideSolutionNode = FALSE
	EndGlobalSection
	GlobalSection(ExtensibilityGlobals) = postSolution
		SolutionGuid = {563F193A-60D5-4CE2-BD27-A791B4EF5EDA}
	EndGlobalSection
EndGlobal
